// !$*UTF8*$!
{
	archiveVersion = 1;
	classes = {
	};
	objectVersion = 48;
	objects = {

/* Begin PBXBuildFile section */
		876DB16A1F85838800124915 /* AppDelegate.swift in Sources */ = {isa = PBXBuildFile; fileRef = 876DB1691F85838800124915 /* AppDelegate.swift */; };
		876DB16C1F85838800124915 /* WeatherVC.swift in Sources */ = {isa = PBXBuildFile; fileRef = 876DB16B1F85838800124915 /* WeatherVC.swift */; };
		876DB16F1F85838800124915 /* Main.storyboard in Resources */ = {isa = PBXBuildFile; fileRef = 876DB16D1F85838800124915 /* Main.storyboard */; };
		876DB1711F85838800124915 /* Assets.xcassets in Resources */ = {isa = PBXBuildFile; fileRef = 876DB1701F85838800124915 /* Assets.xcassets */; };
		876DB1741F85838800124915 /* LaunchScreen.storyboard in Resources */ = {isa = PBXBuildFile; fileRef = 876DB1721F85838800124915 /* LaunchScreen.storyboard */; };
		876DB17C1F8A3E0800124915 /* Constants.swift in Sources */ = {isa = PBXBuildFile; fileRef = 876DB17B1F8A3E0800124915 /* Constants.swift */; };
		876DB17E1F8A423600124915 /* CurrentWeather.swift in Sources */ = {isa = PBXBuildFile; fileRef = 876DB17D1F8A423500124915 /* CurrentWeather.swift */; };
		876DB1801F8FE9F600124915 /* Forecast.swift in Sources */ = {isa = PBXBuildFile; fileRef = 876DB17F1F8FE9F600124915 /* Forecast.swift */; };
		876DB1821F92424800124915 /* WeatherCell.swift in Sources */ = {isa = PBXBuildFile; fileRef = 876DB1811F92424800124915 /* WeatherCell.swift */; };
		9C9DA7A2176A27F0B1E09123 /* Pods_RainyShine.framework in Frameworks */ = {isa = PBXBuildFile; fileRef = 8A41974E6B6EBAED74AF6956 /* Pods_RainyShine.framework */; };
/* End PBXBuildFile section */

/* Begin PBXFileReference section */
		511B9CCF6DB2DAE1AFEE9AE5 /* Pods-RainyShine.debug.xcconfig */ = {isa = PBXFileReference; includeInIndex = 1; lastKnownFileType = text.xcconfig; name = "Pods-RainyShine.debug.xcconfig"; path = "Pods/Target Support Files/Pods-RainyShine/Pods-RainyShine.debug.xcconfig"; sourceTree = "<group>"; };
		876DB1661F85838800124915 /* RainyShine.app */ = {isa = PBXFileReference; explicitFileType = wrapper.application; includeInIndex = 0; path = RainyShine.app; sourceTree = BUILT_PRODUCTS_DIR; };
		876DB1691F85838800124915 /* AppDelegate.swift */ = {isa = PBXFileReference; lastKnownFileType = sourcecode.swift; path = AppDelegate.swift; sourceTree = "<group>"; };
		876DB16B1F85838800124915 /* WeatherVC.swift */ = {isa = PBXFileReference; lastKnownFileType = sourcecode.swift; path = WeatherVC.swift; sourceTree = "<group>"; };
		876DB16E1F85838800124915 /* Base */ = {isa = PBXFileReference; lastKnownFileType = file.storyboard; name = Base; path = Base.lproj/Main.storyboard; sourceTree = "<group>"; };
		876DB1701F85838800124915 /* Assets.xcassets */ = {isa = PBXFileReference; lastKnownFileType = folder.assetcatalog; path = Assets.xcassets; sourceTree = "<group>"; };
		876DB1731F85838800124915 /* Base */ = {isa = PBXFileReference; lastKnownFileType = file.storyboard; name = Base; path = Base.lproj/LaunchScreen.storyboard; sourceTree = "<group>"; };
		876DB1751F85838800124915 /* Info.plist */ = {isa = PBXFileReference; lastKnownFileType = text.plist.xml; path = Info.plist; sourceTree = "<group>"; };
		876DB17B1F8A3E0800124915 /* Constants.swift */ = {isa = PBXFileReference; lastKnownFileType = sourcecode.swift; path = Constants.swift; sourceTree = "<group>"; };
		876DB17D1F8A423500124915 /* CurrentWeather.swift */ = {isa = PBXFileReference; lastKnownFileType = sourcecode.swift; path = CurrentWeather.swift; sourceTree = "<group>"; };
		876DB17F1F8FE9F600124915 /* Forecast.swift */ = {isa = PBXFileReference; lastKnownFileType = sourcecode.swift; path = Forecast.swift; sourceTree = "<group>"; };
		876DB1811F92424800124915 /* WeatherCell.swift */ = {isa = PBXFileReference; lastKnownFileType = sourcecode.swift; path = WeatherCell.swift; sourceTree = "<group>"; };
		8A41974E6B6EBAED74AF6956 /* Pods_RainyShine.framework */ = {isa = PBXFileReference; explicitFileType = wrapper.framework; includeInIndex = 0; path = Pods_RainyShine.framework; sourceTree = BUILT_PRODUCTS_DIR; };
		C9B6845BBE98C2B0B273B452 /* Pods-RainyShine.release.xcconfig */ = {isa = PBXFileReference; includeInIndex = 1; lastKnownFileType = text.xcconfig; name = "Pods-RainyShine.release.xcconfig"; path = "Pods/Target Support Files/Pods-RainyShine/Pods-RainyShine.release.xcconfig"; sourceTree = "<group>"; };
/* End PBXFileReference section */

/* Begin PBXFrameworksBuildPhase section */
		876DB1631F85838800124915 /* Frameworks */ = {
			isa = PBXFrameworksBuildPhase;
			buildActionMask = 2147483647;
			files = (
				9C9DA7A2176A27F0B1E09123 /* Pods_RainyShine.framework in Frameworks */,
			);
			runOnlyForDeploymentPostprocessing = 0;
		};
/* End PBXFrameworksBuildPhase section */

/* Begin PBXGroup section */
		350512B18F3EEF803F997CE8 /* Frameworks */ = {
			isa = PBXGroup;
			children = (
				8A41974E6B6EBAED74AF6956 /* Pods_RainyShine.framework */,
			);
			name = Frameworks;
			sourceTree = "<group>";
		};
		876DB15D1F85838800124915 = {
			isa = PBXGroup;
			children = (
				876DB1681F85838800124915 /* RainyShine */,
				876DB1671F85838800124915 /* Products */,
				F47B66E1711759E20F55D633 /* Pods */,
				350512B18F3EEF803F997CE8 /* Frameworks */,
			);
			sourceTree = "<group>";
		};
		876DB1671F85838800124915 /* Products */ = {
			isa = PBXGroup;
			children = (
				876DB1661F85838800124915 /* RainyShine.app */,
			);
			name = Products;
			sourceTree = "<group>";
		};
		876DB1681F85838800124915 /* RainyShine */ = {
			isa = PBXGroup;
			children = (
				876DB1691F85838800124915 /* AppDelegate.swift */,
				876DB16B1F85838800124915 /* WeatherVC.swift */,
				876DB17B1F8A3E0800124915 /* Constants.swift */,
				876DB17D1F8A423500124915 /* CurrentWeather.swift */,
				876DB17F1F8FE9F600124915 /* Forecast.swift */,
				876DB1811F92424800124915 /* WeatherCell.swift */,
				876DB16D1F85838800124915 /* Main.storyboard */,
				876DB1701F85838800124915 /* Assets.xcassets */,
				876DB1721F85838800124915 /* LaunchScreen.storyboard */,
				876DB1751F85838800124915 /* Info.plist */,
			);
			path = RainyShine;
			sourceTree = "<group>";
		};
		F47B66E1711759E20F55D633 /* Pods */ = {
			isa = PBXGroup;
			children = (
				511B9CCF6DB2DAE1AFEE9AE5 /* Pods-RainyShine.debug.xcconfig */,
				C9B6845BBE98C2B0B273B452 /* Pods-RainyShine.release.xcconfig */,
			);
			name = Pods;
			sourceTree = "<group>";
		};
/* End PBXGroup section */

/* Begin PBXNativeTarget section */
		876DB1651F85838800124915 /* RainyShine */ = {
			isa = PBXNativeTarget;
			buildConfigurationList = 876DB1781F85838800124915 /* Build configuration list for PBXNativeTarget "RainyShine" */;
			buildPhases = (
				132E6CC781F86B9DAEF73263 /* [CP] Check Pods Manifest.lock */,
				876DB1621F85838800124915 /* Sources */,
				876DB1631F85838800124915 /* Frameworks */,
				876DB1641F85838800124915 /* Resources */,
				F5A6E96EC3BA82DE08A1876F /* [CP] Embed Pods Frameworks */,
				07889E894502A1DFD193EFB1 /* [CP] Copy Pods Resources */,
			);
			buildRules = (
			);
			dependencies = (
			);
			name = RainyShine;
			productName = RainyShine;
			productReference = 876DB1661F85838800124915 /* RainyShine.app */;
			productType = "com.apple.product-type.application";
		};
/* End PBXNativeTarget section */

/* Begin PBXProject section */
		876DB15E1F85838800124915 /* Project object */ = {
			isa = PBXProject;
			attributes = {
				LastSwiftUpdateCheck = 0900;
				LastUpgradeCheck = 0900;
				ORGANIZATIONNAME = "Ruslan Akberov";
				TargetAttributes = {
					876DB1651F85838800124915 = {
						CreatedOnToolsVersion = 9.0;
						ProvisioningStyle = Automatic;
					};
				};
			};
			buildConfigurationList = 876DB1611F85838800124915 /* Build configuration list for PBXProject "RainyShine" */;
			compatibilityVersion = "Xcode 8.0";
			developmentRegion = en;
			hasScannedForEncodings = 0;
			knownRegions = (
				en,
				Base,
			);
			mainGroup = 876DB15D1F85838800124915;
			productRefGroup = 876DB1671F85838800124915 /* Products */;
			projectDirPath = "";
			projectRoot = "";
			targets = (
				876DB1651F85838800124915 /* RainyShine */,
			);
		};
/* End PBXProject section */

/* Begin PBXResourcesBuildPhase section */
		876DB1641F85838800124915 /* Resources */ = {
			isa = PBXResourcesBuildPhase;
			buildActionMask = 2147483647;
			files = (
				876DB1741F85838800124915 /* LaunchScreen.storyboard in Resources */,
				876DB1711F85838800124915 /* Assets.xcassets in Resources */,
				876DB16F1F85838800124915 /* Main.storyboard in Resources */,
			);
			runOnlyForDeploymentPostprocessing = 0;
		};
/* End PBXResourcesBuildPhase section */

/* Begin PBXShellScriptBuildPhase section */
		07889E894502A1DFD193EFB1 /* [CP] Copy Pods Resources */ = {
			isa = PBXShellScriptBuildPhase;
			buildActionMask = 2147483647;
			files = (
			);
			inputPaths = (
			);
			name = "[CP] Copy Pods Resources";
			outputPaths = (
			);
			runOnlyForDeploymentPostprocessing = 0;
			shellPath = /bin/sh;
			shellScript = "\"${SRCROOT}/Pods/Target Support Files/Pods-RainyShine/Pods-RainyShine-resources.sh\"\n";
			showEnvVarsInLog = 0;
		};
		132E6CC781F86B9DAEF73263 /* [CP] Check Pods Manifest.lock */ = {
			isa = PBXShellScriptBuildPhase;
			buildActionMask = 2147483647;
			files = (
			);
			inputPaths = (
				"${PODS_PODFILE_DIR_PATH}/Podfile.lock",
				"${PODS_ROOT}/Manifest.lock",
			);
			name = "[CP] Check Pods Manifest.lock";
			outputPaths = (
				"$(DERIVED_FILE_DIR)/Pods-RainyShine-checkManifestLockResult.txt",
			);
			runOnlyForDeploymentPostprocessing = 0;
			shellPath = /bin/sh;
			shellScript = "diff \"${PODS_PODFILE_DIR_PATH}/Podfile.lock\" \"${PODS_ROOT}/Manifest.lock\" > /dev/null\nif [ $? != 0 ] ; then\n    # print error to STDERR\n    echo \"error: The sandbox is not in sync with the Podfile.lock. Run 'pod install' or update your CocoaPods installation.\" >&2\n    exit 1\nfi\n# This output is used by Xcode 'outputs' to avoid re-running this script phase.\necho \"SUCCESS\" > \"${SCRIPT_OUTPUT_FILE_0}\"\n";
			showEnvVarsInLog = 0;
		};
		F5A6E96EC3BA82DE08A1876F /* [CP] Embed Pods Frameworks */ = {
			isa = PBXShellScriptBuildPhase;
			buildActionMask = 2147483647;
			files = (
			);
			inputPaths = (
				"${SRCROOT}/Pods/Target Support Files/Pods-RainyShine/Pods-RainyShine-frameworks.sh",
				"${BUILT_PRODUCTS_DIR}/Alamofire/Alamofire.framework",
			);
			name = "[CP] Embed Pods Frameworks";
			outputPaths = (
				"${TARGET_BUILD_DIR}/${FRAMEWORKS_FOLDER_PATH}/Alamofire.framework",
			);
			runOnlyForDeploymentPostprocessing = 0;
			shellPath = /bin/sh;
			shellScript = "\"${SRCROOT}/Pods/Target Support Files/Pods-RainyShine/Pods-RainyShine-frameworks.sh\"\n";
			showEnvVarsInLog = 0;
		};
/* End PBXShellScriptBuildPhase section */

/* Begin PBXSourcesBuildPhase section */
		876DB1621F85838800124915 /* Sources */ = {
			isa = PBXSourcesBuildPhase;
			buildActionMask = 2147483647;
			files = (
				876DB16C1F85838800124915 /* WeatherVC.swift in Sources */,
				876DB16A1F85838800124915 /* AppDelegate.swift in Sources */,
				876DB1821F92424800124915 /* WeatherCell.swift in Sources */,
				876DB17E1F8A423600124915 /* CurrentWeather.swift in Sources */,
				876DB17C1F8A3E0800124915 /* Constants.swift in Sources */,
				876DB1801F8FE9F600124915 /* Forecast.swift in Sources */,
			);
			runOnlyForDeploymentPostprocessing = 0;
		};
/* End PBXSourcesBuildPhase section */

/* Begin PBXVariantGroup section */
		876DB16D1F85838800124915 /* Main.storyboard */ = {
			isa = PBXVariantGroup;
			children = (
				876DB16E1F85838800124915 /* Base */,
			);
			name = Main.storyboard;
			sourceTree = "<group>";
		};
		876DB1721F85838800124915 /* LaunchScreen.storyboard */ = {
			isa = PBXVariantGroup;
			children = (
				876DB1731F85838800124915 /* Base */,
			);
			name = LaunchScreen.storyboard;
			sourceTree = "<group>";
		};
/* End PBXVariantGroup section */

/* Begin XCBuildConfiguration section */
		876DB1761F85838800124915 /* Debug */ = {
			isa = XCBuildConfiguration;
			buildSettings = {
				ALWAYS_SEARCH_USER_PATHS = NO;
				CLANG_ANALYZER_NONNULL = YES;
				CLANG_ANALYZER_NUMBER_OBJECT_CONVERSION = YES_AGGRESSIVE;
				CLANG_CXX_LANGUAGE_STANDARD = "gnu++14";
				CLANG_CXX_LIBRARY = "libc++";
				CLANG_ENABLE_MODULES = YES;
				CLANG_ENABLE_OBJC_ARC = YES;
				CLANG_WARN_BLOCK_CAPTURE_AUTORELEASING = YES;
				CLANG_WARN_BOOL_CONVERSION = YES;
				CLANG_WARN_COMMA = YES;
				CLANG_WARN_CONSTANT_CONVERSION = YES;
				CLANG_WARN_DIRECT_OBJC_ISA_USAGE = YES_ERROR;
				CLANG_WARN_DOCUMENTATION_COMMENTS = YES;
				CLANG_WARN_EMPTY_BODY = YES;
				CLANG_WARN_ENUM_CONVERSION = YES;
				CLANG_WARN_INFINITE_RECURSION = YES;
				CLANG_WARN_INT_CONVERSION = YES;
				CLANG_WARN_NON_LITERAL_NULL_CONVERSION = YES;
				CLANG_WARN_OBJC_LITERAL_CONVERSION = YES;
				CLANG_WARN_OBJC_ROOT_CLASS = YES_ERROR;
				CLANG_WARN_RANGE_LOOP_ANALYSIS = YES;
				CLANG_WARN_STRICT_PROTOTYPES = YES;
				CLANG_WARN_SUSPICIOUS_MOVE = YES;
				CLANG_WARN_UNGUARDED_AVAILABILITY = YES_AGGRESSIVE;
				CLANG_WARN_UNREACHABLE_CODE = YES;
				CLANG_WARN__DUPLICATE_METHOD_MATCH = YES;
				CODE_SIGN_IDENTITY = "iPhone Developer";
				COPY_PHASE_STRIP = NO;
				DEBUG_INFORMATION_FORMAT = dwarf;
				ENABLE_STRICT_OBJC_MSGSEND = YES;
				ENABLE_TESTABILITY = YES;
				GCC_C_LANGUAGE_STANDARD = gnu11;
				GCC_DYNAMIC_NO_PIC = NO;
				GCC_NO_COMMON_BLOCKS = YES;
				GCC_OPTIMIZATION_LEVEL = 0;
				GCC_PREPROCESSOR_DEFINITIONS = (
					"DEBUG=1",
					"$(inherited)",
				);
				GCC_WARN_64_TO_32_BIT_CONVERSION = YES;
				GCC_WARN_ABOUT_RETURN_TYPE = YES_ERROR;
				GCC_WARN_UNDECLARED_SELECTOR = YES;
				GCC_WARN_UNINITIALIZED_AUTOS = YES_AGGRESSIVE;
				GCC_WARN_UNUSED_FUNCTION = YES;
				GCC_WARN_UNUSED_VARIABLE = YES;
				IPHONEOS_DEPLOYMENT_TARGET = 11.0;
				MTL_ENABLE_DEBUG_INFO = YES;
				ONLY_ACTIVE_ARCH = YES;
				SDKROOT = iphoneos;
				SWIFT_ACTIVE_COMPILATION_CONDITIONS = DEBUG;
				SWIFT_OPTIMIZATION_LEVEL = "-Onone";
			};
			name = Debug;
		};
		876DB1771F85838800124915 /* Release */ = {
			isa = XCBuildConfiguration;
			buildSettings = {
				ALWAYS_SEARCH_USER_PATHS = NO;
				CLANG_ANALYZER_NONNULL = YES;
				CLANG_ANALYZER_NUMBER_OBJECT_CONVERSION = YES_AGGRESSIVE;
				CLANG_CXX_LANGUAGE_STANDARD = "gnu++14";
				CLANG_CXX_LIBRARY = "libc++";
				CLANG_ENABLE_MODULES = YES;
				CLANG_ENABLE_OBJC_ARC = YES;
				CLANG_WARN_BLOCK_CAPTURE_AUTORELEASING = YES;
				CLANG_WARN_BOOL_CONVERSION = YES;
				CLANG_WARN_COMMA = YES;
				CLANG_WARN_CONSTANT_CONVERSION = YES;
				CLANG_WARN_DIRECT_OBJC_ISA_USAGE = YES_ERROR;
				CLANG_WARN_DOCUMENTATION_COMMENTS = YES;
				CLANG_WARN_EMPTY_BODY = YES;
				CLANG_WARN_ENUM_CONVERSION = YES;
				CLANG_WARN_INFINITE_RECURSION = YES;
				CLANG_WARN_INT_CONVERSION = YES;
				CLANG_WARN_NON_LITERAL_NULL_CONVERSION = YES;
				CLANG_WARN_OBJC_LITERAL_CONVERSION = YES;
				CLANG_WARN_OBJC_ROOT_CLASS = YES_ERROR;
				CLANG_WARN_RANGE_LOOP_ANALYSIS = YES;
				CLANG_WARN_STRICT_PROTOTYPES = YES;
				CLANG_WARN_SUSPICIOUS_MOVE = YES;
				CLANG_WARN_UNGUARDED_AVAILABILITY = YES_AGGRESSIVE;
				CLANG_WARN_UNREACHABLE_CODE = YES;
				CLANG_WARN__DUPLICATE_METHOD_MATCH = YES;
				CODE_SIGN_IDENTITY = "iPhone Developer";
				COPY_PHASE_STRIP = NO;
				DEBUG_INFORMATION_FORMAT = "dwarf-with-dsym";
				ENABLE_NS_ASSERTIONS = NO;
				ENABLE_STRICT_OBJC_MSGSEND = YES;
				GCC_C_LANGUAGE_STANDARD = gnu11;
				GCC_NO_COMMON_BLOCKS = YES;
				GCC_WARN_64_TO_32_BIT_CONVERSION = YES;
				GCC_WARN_ABOUT_RETURN_TYPE = YES_ERROR;
				GCC_WARN_UNDECLARED_SELECTOR = YES;
				GCC_WARN_UNINITIALIZED_AUTOS = YES_AGGRESSIVE;
				GCC_WARN_UNUSED_FUNCTION = YES;
				GCC_WARN_UNUSED_VARIABLE = YES;
				IPHONEOS_DEPLOYMENT_TARGET = 11.0;
				MTL_ENABLE_DEBUG_INFO = NO;
				SDKROOT = iphoneos;
				SWIFT_OPTIMIZATION_LEVEL = "-Owholemodule";
				VALIDATE_PRODUCT = YES;
			};
			name = Release;
		};
		876DB1791F85838800124915 /* Debug */ = {
			isa = XCBuildConfiguration;
			baseConfigurationReference = 511B9CCF6DB2DAE1AFEE9AE5 /* Pods-RainyShine.debug.xcconfig */;
			buildSettings = {
				ASSETCATALOG_COMPILER_APPICON_NAME = AppIcon;
				CODE_SIGN_STYLE = Automatic;
				DEVELOPMENT_TEAM = JMYF9P9VY4;
				INFOPLIST_FILE = RainyShine/Info.plist;
				LD_RUNPATH_SEARCH_PATHS = "$(inherited) @executable_path/Frameworks";
				PRODUCT_BUNDLE_IDENTIFIER = com.akberov.apps.rainyshine;
				PRODUCT_NAME = "$(TARGET_NAME)";
				SWIFT_VERSION = 4.0;
				TARGETED_DEVICE_FAMILY = "1,2";
			};
			name = Debug;
		};
		876DB17A1F85838800124915 /* Release */ = {
			isa = XCBuildConfiguration;
			baseConfigurationReference = C9B6845BBE98C2B0B273B452 /* Pods-RainyShine.release.xcconfig */;
			buildSettings = {
				ASSETCATALOG_COMPILER_APPICON_NAME = AppIcon;
				CODE_SIGN_STYLE = Automatic;
				DEVELOPMENT_TEAM = JMYF9P9VY4;
				INFOPLIST_FILE = RainyShine/Info.plist;
				LD_RUNPATH_SEARCH_PATHS = "$(inherited) @executable_path/Frameworks";
				PRODUCT_BUNDLE_IDENTIFIER = com.akberov.apps.rainyshine;
				PRODUCT_NAME = "$(TARGET_NAME)";
				SWIFT_VERSION = 4.0;
				TARGETED_DEVICE_FAMILY = "1,2";
			};
			name = Release;
		};
/* End XCBuildConfiguration section */

/* Begin XCConfigurationList section */
		876DB1611F85838800124915 /* Build configuration list for PBXProject "RainyShine" */ = {
			isa = XCConfigurationList;
			buildConfigurations = (
				876DB1761F85838800124915 /* Debug */,
				876DB1771F85838800124915 /* Release */,
			);
			defaultConfigurationIsVisible = 0;
			defaultConfigurationName = Release;
		};
		876DB1781F85838800124915 /* Build configuration list for PBXNativeTarget "RainyShine" */ = {
			isa = XCConfigurationList;
			buildConfigurations = (
				876DB1791F85838800124915 /* Debug */,
				876DB17A1F85838800124915 /* Release */,
			);
			defaultConfigurationIsVisible = 0;
			defaultConfigurationName = Release;
		};
/* End XCConfigurationList section */
	};
	rootObject = 876DB15E1F85838800124915 /* Project object */;
}
